
Microsoft Visual Studio Solution File, Format Version 12.00
# Visual Studio Version 17
VisualStudioVersion = 17.8.0.0
MinimumVisualStudioVersion = 17.8.0.0
Project("{9A19103F-16F7-4668-BE54-9A1E7A4F7556}") = "ShopCompare.AppHost", "ShopCompare.AppHost\ShopCompare.AppHost.csproj", "{1AFBB939-823A-4639-8E06-E26CCCAD9619}"
EndProject
Project("{9A19103F-16F7-4668-BE54-9A1E7A4F7556}") = "ShopCompare.ServiceDefaults", "ShopCompare.ServiceDefaults\ShopCompare.ServiceDefaults.csproj", "{5307398C-AE49-4129-BAFB-1CEBAA4039BE}"
EndProject
Project("{2150E333-8FDC-42A3-9474-1A3956D46DE8}") = "src", "src", "{31B1D70E-B7B2-4A86-B713-3937BDDE38A8}"
EndProject
Project("{FAE04EC0-301F-11D3-BF4B-00C04F79EFBC}") = "ShopCompare.Catalog.Api", "ShopCompare.Catalog.Api\ShopCompare.Catalog.Api.csproj", "{4CFEEDC7-8FD0-4CB2-BF12-779322C536BE}"
EndProject
Project("{FAE04EC0-301F-11D3-BF4B-00C04F79EFBC}") = "ShopCompare.SharedKernel", "ShopCompare.SharedKernel\ShopCompare.SharedKernel.csproj", "{CC7DC00B-7F8D-4625-9EB0-26E301C8D500}"
EndProject
Project("{2150E333-8FDC-42A3-9474-1A3956D46DE8}") = "tests", "tests", "{197EA1DA-FF04-44D9-B35A-5A80B34D67AC}"
EndProject
Project("{FAE04EC0-301F-11D3-BF4B-00C04F79EFBC}") = "ShopCompare.ArchitectureTests", "ShopCompare.ArchitectureTests\ShopCompare.ArchitectureTests.csproj", "{7D18D296-0A8C-4C67-8541-FB6FC31DCF68}"
EndProject
Project("{FAE04EC0-301F-11D3-BF4B-00C04F79EFBC}") = "ShopCompare.UnitTests", "ShopCompare.UnitTests\ShopCompare.UnitTests.csproj", "{C5FE288F-C9D6-412B-BF0B-DD6C4BF9B3CF}"
EndProject
Project("{FAE04EC0-301F-11D3-BF4B-00C04F79EFBC}") = "ShopCompare.Inventory.Api", "ShopCompare.Inventory.Api\ShopCompare.Inventory.Api.csproj", "{45D6EE60-0187-4C67-BDA2-7B7368C637B5}"
EndProject
Project("{FAE04EC0-301F-11D3-BF4B-00C04F79EFBC}") = "ShopCompare.Cart.Api", "ShopCompare.Cart.Api\ShopCompare.Cart.Api.csproj", "{62CCCD86-48BF-44A8-9BCE-A54127719D1B}"
EndProject
Project("{FAE04EC0-301F-11D3-BF4B-00C04F79EFBC}") = "ShopCompare.Payments.Api", "ShopCompare.Payments.Api\ShopCompare.Payments.Api.csproj", "{CE124446-791D-46E1-8F37-3B50C1210D8A}"
EndProject
Project("{FAE04EC0-301F-11D3-BF4B-00C04F79EFBC}") = "ShopCompare.Notifications.Api", "ShopCompare.Notifications.Api\ShopCompare.Notifications.Api.csproj", "{33A89F73-ED85-41C3-9793-E1FB76DC3F13}"
EndProject
Project("{FAE04EC0-301F-11D3-BF4B-00C04F79EFBC}") = "ShopCompare.Orders.Api", "ShopCompare.Orders.Api\ShopCompare.Orders.Api.csproj", "{5FA50F56-D89B-43C3-939C-3F40666E1EA5}"
EndProject
Global
	GlobalSection(SolutionConfigurationPlatforms) = preSolution
		Debug|Any CPU = Debug|Any CPU
		Debug|x64 = Debug|x64
		Debug|x86 = Debug|x86
		Release|Any CPU = Release|Any CPU
		Release|x64 = Release|x64
		Release|x86 = Release|x86
	EndGlobalSection
	GlobalSection(ProjectConfigurationPlatforms) = postSolution
		{1AFBB939-823A-4639-8E06-E26CCCAD9619}.Debug|Any CPU.ActiveCfg = Debug|Any CPU
		{1AFBB939-823A-4639-8E06-E26CCCAD9619}.Debug|Any CPU.Build.0 = Debug|Any CPU
		{1AFBB939-823A-4639-8E06-E26CCCAD9619}.Debug|x64.ActiveCfg = Debug|Any CPU
		{1AFBB939-823A-4639-8E06-E26CCCAD9619}.Debug|x64.Build.0 = Debug|Any CPU
		{1AFBB939-823A-4639-8E06-E26CCCAD9619}.Debug|x86.ActiveCfg = Debug|Any CPU
		{1AFBB939-823A-4639-8E06-E26CCCAD9619}.Debug|x86.Build.0 = Debug|Any CPU
		{1AFBB939-823A-4639-8E06-E26CCCAD9619}.Release|Any CPU.ActiveCfg = Release|Any CPU
		{1AFBB939-823A-4639-8E06-E26CCCAD9619}.Release|Any CPU.Build.0 = Release|Any CPU
		{1AFBB939-823A-4639-8E06-E26CCCAD9619}.Release|x64.ActiveCfg = Release|Any CPU
		{1AFBB939-823A-4639-8E06-E26CCCAD9619}.Release|x64.Build.0 = Release|Any CPU
		{1AFBB939-823A-4639-8E06-E26CCCAD9619}.Release|x86.ActiveCfg = Release|Any CPU
		{1AFBB939-823A-4639-8E06-E26CCCAD9619}.Release|x86.Build.0 = Release|Any CPU
		{5307398C-AE49-4129-BAFB-1CEBAA4039BE}.Debug|Any CPU.ActiveCfg = Debug|Any CPU
		{5307398C-AE49-4129-BAFB-1CEBAA4039BE}.Debug|Any CPU.Build.0 = Debug|Any CPU
		{5307398C-AE49-4129-BAFB-1CEBAA4039BE}.Debug|x64.ActiveCfg = Debug|Any CPU
		{5307398C-AE49-4129-BAFB-1CEBAA4039BE}.Debug|x64.Build.0 = Debug|Any CPU
		{5307398C-AE49-4129-BAFB-1CEBAA4039BE}.Debug|x86.ActiveCfg = Debug|Any CPU
		{5307398C-AE49-4129-BAFB-1CEBAA4039BE}.Debug|x86.Build.0 = Debug|Any CPU
		{5307398C-AE49-4129-BAFB-1CEBAA4039BE}.Release|Any CPU.ActiveCfg = Release|Any CPU
		{5307398C-AE49-4129-BAFB-1CEBAA4039BE}.Release|Any CPU.Build.0 = Release|Any CPU
		{5307398C-AE49-4129-BAFB-1CEBAA4039BE}.Release|x64.ActiveCfg = Release|Any CPU
		{5307398C-AE49-4129-BAFB-1CEBAA4039BE}.Release|x64.Build.0 = Release|Any CPU
		{5307398C-AE49-4129-BAFB-1CEBAA4039BE}.Release|x86.ActiveCfg = Release|Any CPU
		{5307398C-AE49-4129-BAFB-1CEBAA4039BE}.Release|x86.Build.0 = Release|Any CPU
		{4CFEEDC7-8FD0-4CB2-BF12-779322C536BE}.Debug|Any CPU.ActiveCfg = Debug|Any CPU
		{4CFEEDC7-8FD0-4CB2-BF12-779322C536BE}.Debug|Any CPU.Build.0 = Debug|Any CPU
		{4CFEEDC7-8FD0-4CB2-BF12-779322C536BE}.Debug|x64.ActiveCfg = Debug|Any CPU
		{4CFEEDC7-8FD0-4CB2-BF12-779322C536BE}.Debug|x64.Build.0 = Debug|Any CPU
		{4CFEEDC7-8FD0-4CB2-BF12-779322C536BE}.Debug|x86.ActiveCfg = Debug|Any CPU
		{4CFEEDC7-8FD0-4CB2-BF12-779322C536BE}.Debug|x86.Build.0 = Debug|Any CPU
		{4CFEEDC7-8FD0-4CB2-BF12-779322C536BE}.Release|Any CPU.ActiveCfg = Release|Any CPU
		{4CFEEDC7-8FD0-4CB2-BF12-779322C536BE}.Release|Any CPU.Build.0 = Release|Any CPU
		{4CFEEDC7-8FD0-4CB2-BF12-779322C536BE}.Release|x64.ActiveCfg = Release|Any CPU
		{4CFEEDC7-8FD0-4CB2-BF12-779322C536BE}.Release|x64.Build.0 = Release|Any CPU
		{4CFEEDC7-8FD0-4CB2-BF12-779322C536BE}.Release|x86.ActiveCfg = Release|Any CPU
		{4CFEEDC7-8FD0-4CB2-BF12-779322C536BE}.Release|x86.Build.0 = Release|Any CPU
		{CC7DC00B-7F8D-4625-9EB0-26E301C8D500}.Debug|Any CPU.ActiveCfg = Debug|Any CPU
		{CC7DC00B-7F8D-4625-9EB0-26E301C8D500}.Debug|Any CPU.Build.0 = Debug|Any CPU
		{CC7DC00B-7F8D-4625-9EB0-26E301C8D500}.Debug|x64.ActiveCfg = Debug|Any CPU
		{CC7DC00B-7F8D-4625-9EB0-26E301C8D500}.Debug|x64.Build.0 = Debug|Any CPU
		{CC7DC00B-7F8D-4625-9EB0-26E301C8D500}.Debug|x86.ActiveCfg = Debug|Any CPU
		{CC7DC00B-7F8D-4625-9EB0-26E301C8D500}.Debug|x86.Build.0 = Debug|Any CPU
		{CC7DC00B-7F8D-4625-9EB0-26E301C8D500}.Release|Any CPU.ActiveCfg = Release|Any CPU
		{CC7DC00B-7F8D-4625-9EB0-26E301C8D500}.Release|Any CPU.Build.0 = Release|Any CPU
		{CC7DC00B-7F8D-4625-9EB0-26E301C8D500}.Release|x64.ActiveCfg = Release|Any CPU
		{CC7DC00B-7F8D-4625-9EB0-26E301C8D500}.Release|x64.Build.0 = Release|Any CPU
		{CC7DC00B-7F8D-4625-9EB0-26E301C8D500}.Release|x86.ActiveCfg = Release|Any CPU
		{CC7DC00B-7F8D-4625-9EB0-26E301C8D500}.Release|x86.Build.0 = Release|Any CPU
		{7D18D296-0A8C-4C67-8541-FB6FC31DCF68}.Debug|Any CPU.ActiveCfg = Debug|Any CPU
		{7D18D296-0A8C-4C67-8541-FB6FC31DCF68}.Debug|Any CPU.Build.0 = Debug|Any CPU
		{7D18D296-0A8C-4C67-8541-FB6FC31DCF68}.Debug|x64.ActiveCfg = Debug|Any CPU
		{7D18D296-0A8C-4C67-8541-FB6FC31DCF68}.Debug|x64.Build.0 = Debug|Any CPU
		{7D18D296-0A8C-4C67-8541-FB6FC31DCF68}.Debug|x86.ActiveCfg = Debug|Any CPU
		{7D18D296-0A8C-4C67-8541-FB6FC31DCF68}.Debug|x86.Build.0 = Debug|Any CPU
		{7D18D296-0A8C-4C67-8541-FB6FC31DCF68}.Release|Any CPU.ActiveCfg = Release|Any CPU
		{7D18D296-0A8C-4C67-8541-FB6FC31DCF68}.Release|Any CPU.Build.0 = Release|Any CPU
		{7D18D296-0A8C-4C67-8541-FB6FC31DCF68}.Release|x64.ActiveCfg = Release|Any CPU
		{7D18D296-0A8C-4C67-8541-FB6FC31DCF68}.Release|x64.Build.0 = Release|Any CPU
		{7D18D296-0A8C-4C67-8541-FB6FC31DCF68}.Release|x86.ActiveCfg = Release|Any CPU
		{7D18D296-0A8C-4C67-8541-FB6FC31DCF68}.Release|x86.Build.0 = Release|Any CPU
		{C5FE288F-C9D6-412B-BF0B-DD6C4BF9B3CF}.Debug|Any CPU.ActiveCfg = Debug|Any CPU
		{C5FE288F-C9D6-412B-BF0B-DD6C4BF9B3CF}.Debug|Any CPU.Build.0 = Debug|Any CPU
		{C5FE288F-C9D6-412B-BF0B-DD6C4BF9B3CF}.Debug|x64.ActiveCfg = Debug|Any CPU
		{C5FE288F-C9D6-412B-BF0B-DD6C4BF9B3CF}.Debug|x64.Build.0 = Debug|Any CPU
		{C5FE288F-C9D6-412B-BF0B-DD6C4BF9B3CF}.Debug|x86.ActiveCfg = Debug|Any CPU
		{C5FE288F-C9D6-412B-BF0B-DD6C4BF9B3CF}.Debug|x86.Build.0 = Debug|Any CPU
		{C5FE288F-C9D6-412B-BF0B-DD6C4BF9B3CF}.Release|Any CPU.ActiveCfg = Release|Any CPU
		{C5FE288F-C9D6-412B-BF0B-DD6C4BF9B3CF}.Release|Any CPU.Build.0 = Release|Any CPU
		{C5FE288F-C9D6-412B-BF0B-DD6C4BF9B3CF}.Release|x64.ActiveCfg = Release|Any CPU
		{C5FE288F-C9D6-412B-BF0B-DD6C4BF9B3CF}.Release|x64.Build.0 = Release|Any CPU
		{C5FE288F-C9D6-412B-BF0B-DD6C4BF9B3CF}.Release|x86.ActiveCfg = Release|Any CPU
		{C5FE288F-C9D6-412B-BF0B-DD6C4BF9B3CF}.Release|x86.Build.0 = Release|Any CPU
		{45D6EE60-0187-4C67-BDA2-7B7368C637B5}.Debug|Any CPU.ActiveCfg = Debug|Any CPU
		{45D6EE60-0187-4C67-BDA2-7B7368C637B5}.Debug|Any CPU.Build.0 = Debug|Any CPU
		{45D6EE60-0187-4C67-BDA2-7B7368C637B5}.Debug|x64.ActiveCfg = Debug|Any CPU
		{45D6EE60-0187-4C67-BDA2-7B7368C637B5}.Debug|x64.Build.0 = Debug|Any CPU
		{45D6EE60-0187-4C67-BDA2-7B7368C637B5}.Debug|x86.ActiveCfg = Debug|Any CPU
		{45D6EE60-0187-4C67-BDA2-7B7368C637B5}.Debug|x86.Build.0 = Debug|Any CPU
		{45D6EE60-0187-4C67-BDA2-7B7368C637B5}.Release|Any CPU.ActiveCfg = Release|Any CPU
		{45D6EE60-0187-4C67-BDA2-7B7368C637B5}.Release|Any CPU.Build.0 = Release|Any CPU
		{45D6EE60-0187-4C67-BDA2-7B7368C637B5}.Release|x64.ActiveCfg = Release|Any CPU
		{45D6EE60-0187-4C67-BDA2-7B7368C637B5}.Release|x64.Build.0 = Release|Any CPU
		{45D6EE60-0187-4C67-BDA2-7B7368C637B5}.Release|x86.ActiveCfg = Release|Any CPU
		{45D6EE60-0187-4C67-BDA2-7B7368C637B5}.Release|x86.Build.0 = Release|Any CPU
		{62CCCD86-48BF-44A8-9BCE-A54127719D1B}.Debug|Any CPU.ActiveCfg = Debug|Any CPU
		{62CCCD86-48BF-44A8-9BCE-A54127719D1B}.Debug|Any CPU.Build.0 = Debug|Any CPU
		{62CCCD86-48BF-44A8-9BCE-A54127719D1B}.Debug|x64.ActiveCfg = Debug|Any CPU
		{62CCCD86-48BF-44A8-9BCE-A54127719D1B}.Debug|x64.Build.0 = Debug|Any CPU
		{62CCCD86-48BF-44A8-9BCE-A54127719D1B}.Debug|x86.ActiveCfg = Debug|Any CPU
		{62CCCD86-48BF-44A8-9BCE-A54127719D1B}.Debug|x86.Build.0 = Debug|Any CPU
		{62CCCD86-48BF-44A8-9BCE-A54127719D1B}.Release|Any CPU.ActiveCfg = Release|Any CPU
		{62CCCD86-48BF-44A8-9BCE-A54127719D1B}.Release|Any CPU.Build.0 = Release|Any CPU
		{62CCCD86-48BF-44A8-9BCE-A54127719D1B}.Release|x64.ActiveCfg = Release|Any CPU
		{62CCCD86-48BF-44A8-9BCE-A54127719D1B}.Release|x64.Build.0 = Release|Any CPU
		{62CCCD86-48BF-44A8-9BCE-A54127719D1B}.Release|x86.ActiveCfg = Release|Any CPU
		{62CCCD86-48BF-44A8-9BCE-A54127719D1B}.Release|x86.Build.0 = Release|Any CPU
		{CE124446-791D-46E1-8F37-3B50C1210D8A}.Debug|Any CPU.ActiveCfg = Debug|Any CPU
		{CE124446-791D-46E1-8F37-3B50C1210D8A}.Debug|Any CPU.Build.0 = Debug|Any CPU
		{CE124446-791D-46E1-8F37-3B50C1210D8A}.Debug|x64.ActiveCfg = Debug|Any CPU
		{CE124446-791D-46E1-8F37-3B50C1210D8A}.Debug|x64.Build.0 = Debug|Any CPU
		{CE124446-791D-46E1-8F37-3B50C1210D8A}.Debug|x86.ActiveCfg = Debug|Any CPU
		{CE124446-791D-46E1-8F37-3B50C1210D8A}.Debug|x86.Build.0 = Debug|Any CPU
		{CE124446-791D-46E1-8F37-3B50C1210D8A}.Release|Any CPU.ActiveCfg = Release|Any CPU
		{CE124446-791D-46E1-8F37-3B50C1210D8A}.Release|Any CPU.Build.0 = Release|Any CPU
		{CE124446-791D-46E1-8F37-3B50C1210D8A}.Release|x64.ActiveCfg = Release|Any CPU
		{CE124446-791D-46E1-8F37-3B50C1210D8A}.Release|x64.Build.0 = Release|Any CPU
		{CE124446-791D-46E1-8F37-3B50C1210D8A}.Release|x86.ActiveCfg = Release|Any CPU
		{CE124446-791D-46E1-8F37-3B50C1210D8A}.Release|x86.Build.0 = Release|Any CPU
		{33A89F73-ED85-41C3-9793-E1FB76DC3F13}.Debug|Any CPU.ActiveCfg = Debug|Any CPU
		{33A89F73-ED85-41C3-9793-E1FB76DC3F13}.Debug|Any CPU.Build.0 = Debug|Any CPU
		{33A89F73-ED85-41C3-9793-E1FB76DC3F13}.Debug|x64.ActiveCfg = Debug|Any CPU
		{33A89F73-ED85-41C3-9793-E1FB76DC3F13}.Debug|x64.Build.0 = Debug|Any CPU
		{33A89F73-ED85-41C3-9793-E1FB76DC3F13}.Debug|x86.ActiveCfg = Debug|Any CPU
		{33A89F73-ED85-41C3-9793-E1FB76DC3F13}.Debug|x86.Build.0 = Debug|Any CPU
		{33A89F73-ED85-41C3-9793-E1FB76DC3F13}.Release|Any CPU.ActiveCfg = Release|Any CPU
		{33A89F73-ED85-41C3-9793-E1FB76DC3F13}.Release|Any CPU.Build.0 = Release|Any CPU
		{33A89F73-ED85-41C3-9793-E1FB76DC3F13}.Release|x64.ActiveCfg = Release|Any CPU
		{33A89F73-ED85-41C3-9793-E1FB76DC3F13}.Release|x64.Build.0 = Release|Any CPU
		{33A89F73-ED85-41C3-9793-E1FB76DC3F13}.Release|x86.ActiveCfg = Release|Any CPU
		{33A89F73-ED85-41C3-9793-E1FB76DC3F13}.Release|x86.Build.0 = Release|Any CPU
		{5FA50F56-D89B-43C3-939C-3F40666E1EA5}.Debug|Any CPU.ActiveCfg = Debug|Any CPU
		{5FA50F56-D89B-43C3-939C-3F40666E1EA5}.Debug|Any CPU.Build.0 = Debug|Any CPU
		{5FA50F56-D89B-43C3-939C-3F40666E1EA5}.Debug|x64.ActiveCfg = Debug|Any CPU
		{5FA50F56-D89B-43C3-939C-3F40666E1EA5}.Debug|x64.Build.0 = Debug|Any CPU
		{5FA50F56-D89B-43C3-939C-3F40666E1EA5}.Debug|x86.ActiveCfg = Debug|Any CPU
		{5FA50F56-D89B-43C3-939C-3F40666E1EA5}.Debug|x86.Build.0 = Debug|Any CPU
		{5FA50F56-D89B-43C3-939C-3F40666E1EA5}.Release|Any CPU.ActiveCfg = Release|Any CPU
		{5FA50F56-D89B-43C3-939C-3F40666E1EA5}.Release|Any CPU.Build.0 = Release|Any CPU
		{5FA50F56-D89B-43C3-939C-3F40666E1EA5}.Release|x64.ActiveCfg = Release|Any CPU
		{5FA50F56-D89B-43C3-939C-3F40666E1EA5}.Release|x64.Build.0 = Release|Any CPU
		{5FA50F56-D89B-43C3-939C-3F40666E1EA5}.Release|x86.ActiveCfg = Release|Any CPU
		{5FA50F56-D89B-43C3-939C-3F40666E1EA5}.Release|x86.Build.0 = Release|Any CPU
	EndGlobalSection
	GlobalSection(SolutionProperties) = preSolution
		HideSolutionNode = FALSE
	EndGlobalSection
	GlobalSection(NestedProjects) = preSolution
		{1AFBB939-823A-4639-8E06-E26CCCAD9619} = {31B1D70E-B7B2-4A86-B713-3937BDDE38A8}
		{5307398C-AE49-4129-BAFB-1CEBAA4039BE} = {31B1D70E-B7B2-4A86-B713-3937BDDE38A8}
		{4CFEEDC7-8FD0-4CB2-BF12-779322C536BE} = {31B1D70E-B7B2-4A86-B713-3937BDDE38A8}
		{CC7DC00B-7F8D-4625-9EB0-26E301C8D500} = {31B1D70E-B7B2-4A86-B713-3937BDDE38A8}
		{7D18D296-0A8C-4C67-8541-FB6FC31DCF68} = {197EA1DA-FF04-44D9-B35A-5A80B34D67AC}
		{C5FE288F-C9D6-412B-BF0B-DD6C4BF9B3CF} = {197EA1DA-FF04-44D9-B35A-5A80B34D67AC}
		{45D6EE60-0187-4C67-BDA2-7B7368C637B5} = {31B1D70E-B7B2-4A86-B713-3937BDDE38A8}
		{62CCCD86-48BF-44A8-9BCE-A54127719D1B} = {31B1D70E-B7B2-4A86-B713-3937BDDE38A8}
		{CE124446-791D-46E1-8F37-3B50C1210D8A} = {31B1D70E-B7B2-4A86-B713-3937BDDE38A8}
		{33A89F73-ED85-41C3-9793-E1FB76DC3F13} = {31B1D70E-B7B2-4A86-B713-3937BDDE38A8}
		{5FA50F56-D89B-43C3-939C-3F40666E1EA5} = {31B1D70E-B7B2-4A86-B713-3937BDDE38A8}
	EndGlobalSection
	GlobalSection(ExtensibilityGlobals) = postSolution
		SolutionGuid = {87109756-6F4B-48FC-AE36-81B069B1FED8}
	EndGlobalSection
EndGlobal
